
Microsoft Visual Studio Solution File, Format Version 12.00
# Visual Studio 2013
VisualStudioVersion = 12.0.40629.0
MinimumVisualStudioVersion = 10.0.40219.1
Project("{8BC9CEB8-8B4A-11D0-8D11-00A0C91BC942}") = "_002 Add Two Numbers", "_002 Add Two Numbers\_002 Add Two Numbers.vcxproj", "{5483F03B-F751-4007-8287-20545C0755B4}"
EndProject
Project("{8BC9CEB8-8B4A-11D0-8D11-00A0C91BC942}") = "_003 Longest Substring Without Repeating Characters", "_003 Longest Substring Without Repeating Characters\_003 Longest Substring Without Repeating Characters.vcxproj", "{C2CDEF55-302E-4391-A05E-C734F8E334A8}"
EndProject
Project("{8BC9CEB8-8B4A-11D0-8D11-00A0C91BC942}") = "_001 Two Sum", "_001 Two Sum\_001 Two Sum.vcxproj", "{C0EB305F-52CE-44CA-9643-03AFCE964872}"
EndProject
Project("{8BC9CEB8-8B4A-11D0-8D11-00A0C91BC942}") = "_007 Reverse Integer", "_007 Reverse Integer\_007 Reverse Integer.vcxproj", "{1FC4CA11-F74A-4D7E-AC02-396879F7CE53}"
EndProject
Project("{8BC9CEB8-8B4A-11D0-8D11-00A0C91BC942}") = "_009 Palindrome Number", "_009 Palindrome Number\_009 Palindrome Number.vcxproj", "{179E8E42-D98D-432A-8E88-69133D9C9428}"
EndProject
Project("{8BC9CEB8-8B4A-11D0-8D11-00A0C91BC942}") = "_013 Roman to Integer", "_013 Roman to Integer\_013 Roman to Integer.vcxproj", "{592D06E7-F8B6-4E5C-932A-1B2623499184}"
EndProject
Project("{8BC9CEB8-8B4A-11D0-8D11-00A0C91BC942}") = "_014 Longest Common Prefix", "_014 Longest Common Prefix\_014 Longest Common Prefix.vcxproj", "{D75FFA73-4FEC-4F24-9B55-41F254446BA8}"
EndProject
Project("{8BC9CEB8-8B4A-11D0-8D11-00A0C91BC942}") = "_021 Merge Two Sorted Lists", "_021 Merge Two Sorted Lists\_021 Merge Two Sorted Lists.vcxproj", "{073248AD-5475-42DE-8582-32D8FB98F101}"
EndProject
Project("{8BC9CEB8-8B4A-11D0-8D11-00A0C91BC942}") = "_020 Valid Parentheses", "_020 Valid Parentheses\_020 Valid Parentheses.vcxproj", "{E6A288EA-2F75-4A35-9E9F-3E8B15EDFC55}"
EndProject
Project("{8BC9CEB8-8B4A-11D0-8D11-00A0C91BC942}") = "_026 Remove Duplicates from Sorted Array", "_026 Remove Duplicates from Sorted Array\_026 Remove Duplicates from Sorted Array.vcxproj", "{9C5E77DB-AD7E-492C-8961-C9444C0999AD}"
EndProject
Project("{8BC9CEB8-8B4A-11D0-8D11-00A0C91BC942}") = "_027 Remove Element", "_027 Remove Element\_027 Remove Element.vcxproj", "{94D9B13A-DF2A-42C6-9A4E-DFD540943CD2}"
EndProject
Project("{8BC9CEB8-8B4A-11D0-8D11-00A0C91BC942}") = "_028 Implement strStr", "_028 Implement strStr\_028 Implement strStr.vcxproj", "{CA2B795F-D9EA-4267-A21A-2D192D9B8385}"
EndProject
Project("{8BC9CEB8-8B4A-11D0-8D11-00A0C91BC942}") = "_035 Search Insert Position", "_035 Search Insert Position\_035 Search Insert Position.vcxproj", "{241E9FC4-6266-429E-B324-25CBED534864}"
EndProject
Project("{8BC9CEB8-8B4A-11D0-8D11-00A0C91BC942}") = "_038 Count and Say", "_038 Count and Say\_038 Count and Say.vcxproj", "{8D23458D-4C79-46C7-819D-EB3EB7914A76}"
EndProject
Project("{8BC9CEB8-8B4A-11D0-8D11-00A0C91BC942}") = "_053 Maximum Subarray", "_053 Maximum Subarray\_053 Maximum Subarray.vcxproj", "{80F6F447-800A-4DF1-B3C9-80FB94DCB06C}"
EndProject
Project("{8BC9CEB8-8B4A-11D0-8D11-00A0C91BC942}") = "_058 Length of Last Word", "_058 Length of Last Word\_058 Length of Last Word.vcxproj", "{1FD53CE6-E36B-42FE-BD37-BB40B805BAEF}"
EndProject
Project("{8BC9CEB8-8B4A-11D0-8D11-00A0C91BC942}") = "_066 Plus One", "_066 Plus One\_066 Plus One.vcxproj", "{8B8E10E9-88AF-4C82-8616-0A19EB5AC6E6}"
EndProject
Project("{8BC9CEB8-8B4A-11D0-8D11-00A0C91BC942}") = "_067 Add Binary", "_067 Add Binary\_067 Add Binary.vcxproj", "{49F47507-7653-4245-A049-532F5CE4DE2E}"
EndProject
Project("{8BC9CEB8-8B4A-11D0-8D11-00A0C91BC942}") = "_069 Sqrt_x", "_069 Sqrt_x\_069 Sqrt_x.vcxproj", "{DE254787-0DA8-4CBF-9B14-AD815B22D985}"
EndProject
Project("{8BC9CEB8-8B4A-11D0-8D11-00A0C91BC942}") = "_070 Climbing Stairs", "_070 Climbing Stairs\_070 Climbing Stairs.vcxproj", "{E97221AA-2211-4652-8370-712D04C01569}"
EndProject
Global
	GlobalSection(SolutionConfigurationPlatforms) = preSolution
		Debug|Win32 = Debug|Win32
		Release|Win32 = Release|Win32
	EndGlobalSection
	GlobalSection(ProjectConfigurationPlatforms) = postSolution
		{5483F03B-F751-4007-8287-20545C0755B4}.Debug|Win32.ActiveCfg = Debug|Win32
		{5483F03B-F751-4007-8287-20545C0755B4}.Debug|Win32.Build.0 = Debug|Win32
		{5483F03B-F751-4007-8287-20545C0755B4}.Release|Win32.ActiveCfg = Release|Win32
		{5483F03B-F751-4007-8287-20545C0755B4}.Release|Win32.Build.0 = Release|Win32
		{C2CDEF55-302E-4391-A05E-C734F8E334A8}.Debug|Win32.ActiveCfg = Debug|Win32
		{C2CDEF55-302E-4391-A05E-C734F8E334A8}.Debug|Win32.Build.0 = Debug|Win32
		{C2CDEF55-302E-4391-A05E-C734F8E334A8}.Release|Win32.ActiveCfg = Release|Win32
		{C2CDEF55-302E-4391-A05E-C734F8E334A8}.Release|Win32.Build.0 = Release|Win32
		{C0EB305F-52CE-44CA-9643-03AFCE964872}.Debug|Win32.ActiveCfg = Debug|Win32
		{C0EB305F-52CE-44CA-9643-03AFCE964872}.Debug|Win32.Build.0 = Debug|Win32
		{C0EB305F-52CE-44CA-9643-03AFCE964872}.Release|Win32.ActiveCfg = Release|Win32
		{C0EB305F-52CE-44CA-9643-03AFCE964872}.Release|Win32.Build.0 = Release|Win32
		{1FC4CA11-F74A-4D7E-AC02-396879F7CE53}.Debug|Win32.ActiveCfg = Debug|Win32
		{1FC4CA11-F74A-4D7E-AC02-396879F7CE53}.Debug|Win32.Build.0 = Debug|Win32
		{1FC4CA11-F74A-4D7E-AC02-396879F7CE53}.Release|Win32.ActiveCfg = Release|Win32
		{1FC4CA11-F74A-4D7E-AC02-396879F7CE53}.Release|Win32.Build.0 = Release|Win32
		{179E8E42-D98D-432A-8E88-69133D9C9428}.Debug|Win32.ActiveCfg = Debug|Win32
		{179E8E42-D98D-432A-8E88-69133D9C9428}.Debug|Win32.Build.0 = Debug|Win32
		{179E8E42-D98D-432A-8E88-69133D9C9428}.Release|Win32.ActiveCfg = Release|Win32
		{179E8E42-D98D-432A-8E88-69133D9C9428}.Release|Win32.Build.0 = Release|Win32
		{592D06E7-F8B6-4E5C-932A-1B2623499184}.Debug|Win32.ActiveCfg = Debug|Win32
		{592D06E7-F8B6-4E5C-932A-1B2623499184}.Debug|Win32.Build.0 = Debug|Win32
		{592D06E7-F8B6-4E5C-932A-1B2623499184}.Release|Win32.ActiveCfg = Release|Win32
		{592D06E7-F8B6-4E5C-932A-1B2623499184}.Release|Win32.Build.0 = Release|Win32
		{D75FFA73-4FEC-4F24-9B55-41F254446BA8}.Debug|Win32.ActiveCfg = Debug|Win32
		{D75FFA73-4FEC-4F24-9B55-41F254446BA8}.Debug|Win32.Build.0 = Debug|Win32
		{D75FFA73-4FEC-4F24-9B55-41F254446BA8}.Release|Win32.ActiveCfg = Release|Win32
		{D75FFA73-4FEC-4F24-9B55-41F254446BA8}.Release|Win32.Build.0 = Release|Win32
		{073248AD-5475-42DE-8582-32D8FB98F101}.Debug|Win32.ActiveCfg = Debug|Win32
		{073248AD-5475-42DE-8582-32D8FB98F101}.Debug|Win32.Build.0 = Debug|Win32
		{073248AD-5475-42DE-8582-32D8FB98F101}.Release|Win32.ActiveCfg = Release|Win32
		{073248AD-5475-42DE-8582-32D8FB98F101}.Release|Win32.Build.0 = Release|Win32
		{E6A288EA-2F75-4A35-9E9F-3E8B15EDFC55}.Debug|Win32.ActiveCfg = Debug|Win32
		{E6A288EA-2F75-4A35-9E9F-3E8B15EDFC55}.Debug|Win32.Build.0 = Debug|Win32
		{E6A288EA-2F75-4A35-9E9F-3E8B15EDFC55}.Release|Win32.ActiveCfg = Release|Win32
		{E6A288EA-2F75-4A35-9E9F-3E8B15EDFC55}.Release|Win32.Build.0 = Release|Win32
		{9C5E77DB-AD7E-492C-8961-C9444C0999AD}.Debug|Win32.ActiveCfg = Debug|Win32
		{9C5E77DB-AD7E-492C-8961-C9444C0999AD}.Debug|Win32.Build.0 = Debug|Win32
		{9C5E77DB-AD7E-492C-8961-C9444C0999AD}.Release|Win32.ActiveCfg = Release|Win32
		{9C5E77DB-AD7E-492C-8961-C9444C0999AD}.Release|Win32.Build.0 = Release|Win32
		{94D9B13A-DF2A-42C6-9A4E-DFD540943CD2}.Debug|Win32.ActiveCfg = Debug|Win32
		{94D9B13A-DF2A-42C6-9A4E-DFD540943CD2}.Debug|Win32.Build.0 = Debug|Win32
		{94D9B13A-DF2A-42C6-9A4E-DFD540943CD2}.Release|Win32.ActiveCfg = Release|Win32
		{94D9B13A-DF2A-42C6-9A4E-DFD540943CD2}.Release|Win32.Build.0 = Release|Win32
		{CA2B795F-D9EA-4267-A21A-2D192D9B8385}.Debug|Win32.ActiveCfg = Debug|Win32
		{CA2B795F-D9EA-4267-A21A-2D192D9B8385}.Debug|Win32.Build.0 = Debug|Win32
		{CA2B795F-D9EA-4267-A21A-2D192D9B8385}.Release|Win32.ActiveCfg = Release|Win32
		{CA2B795F-D9EA-4267-A21A-2D192D9B8385}.Release|Win32.Build.0 = Release|Win32
		{241E9FC4-6266-429E-B324-25CBED534864}.Debug|Win32.ActiveCfg = Debug|Win32
		{241E9FC4-6266-429E-B324-25CBED534864}.Debug|Win32.Build.0 = Debug|Win32
		{241E9FC4-6266-429E-B324-25CBED534864}.Release|Win32.ActiveCfg = Release|Win32
		{241E9FC4-6266-429E-B324-25CBED534864}.Release|Win32.Build.0 = Release|Win32
		{8D23458D-4C79-46C7-819D-EB3EB7914A76}.Debug|Win32.ActiveCfg = Debug|Win32
		{8D23458D-4C79-46C7-819D-EB3EB7914A76}.Debug|Win32.Build.0 = Debug|Win32
		{8D23458D-4C79-46C7-819D-EB3EB7914A76}.Release|Win32.ActiveCfg = Release|Win32
		{8D23458D-4C79-46C7-819D-EB3EB7914A76}.Release|Win32.Build.0 = Release|Win32
		{80F6F447-800A-4DF1-B3C9-80FB94DCB06C}.Debug|Win32.ActiveCfg = Debug|Win32
		{80F6F447-800A-4DF1-B3C9-80FB94DCB06C}.Debug|Win32.Build.0 = Debug|Win32
		{80F6F447-800A-4DF1-B3C9-80FB94DCB06C}.Release|Win32.ActiveCfg = Release|Win32
		{80F6F447-800A-4DF1-B3C9-80FB94DCB06C}.Release|Win32.Build.0 = Release|Win32
		{1FD53CE6-E36B-42FE-BD37-BB40B805BAEF}.Debug|Win32.ActiveCfg = Debug|Win32
		{1FD53CE6-E36B-42FE-BD37-BB40B805BAEF}.Debug|Win32.Build.0 = Debug|Win32
		{1FD53CE6-E36B-42FE-BD37-BB40B805BAEF}.Release|Win32.ActiveCfg = Release|Win32
		{1FD53CE6-E36B-42FE-BD37-BB40B805BAEF}.Release|Win32.Build.0 = Release|Win32
		{8B8E10E9-88AF-4C82-8616-0A19EB5AC6E6}.Debug|Win32.ActiveCfg = Debug|Win32
		{8B8E10E9-88AF-4C82-8616-0A19EB5AC6E6}.Debug|Win32.Build.0 = Debug|Win32
		{8B8E10E9-88AF-4C82-8616-0A19EB5AC6E6}.Release|Win32.ActiveCfg = Release|Win32
		{8B8E10E9-88AF-4C82-8616-0A19EB5AC6E6}.Release|Win32.Build.0 = Release|Win32
		{49F47507-7653-4245-A049-532F5CE4DE2E}.Debug|Win32.ActiveCfg = Debug|Win32
		{49F47507-7653-4245-A049-532F5CE4DE2E}.Debug|Win32.Build.0 = Debug|Win32
		{49F47507-7653-4245-A049-532F5CE4DE2E}.Release|Win32.ActiveCfg = Release|Win32
		{49F47507-7653-4245-A049-532F5CE4DE2E}.Release|Win32.Build.0 = Release|Win32
		{DE254787-0DA8-4CBF-9B14-AD815B22D985}.Debug|Win32.ActiveCfg = Debug|Win32
		{DE254787-0DA8-4CBF-9B14-AD815B22D985}.Debug|Win32.Build.0 = Debug|Win32
		{DE254787-0DA8-4CBF-9B14-AD815B22D985}.Release|Win32.ActiveCfg = Release|Win32
		{DE254787-0DA8-4CBF-9B14-AD815B22D985}.Release|Win32.Build.0 = Release|Win32
		{E97221AA-2211-4652-8370-712D04C01569}.Debug|Win32.ActiveCfg = Debug|Win32
		{E97221AA-2211-4652-8370-712D04C01569}.Debug|Win32.Build.0 = Debug|Win32
		{E97221AA-2211-4652-8370-712D04C01569}.Release|Win32.ActiveCfg = Release|Win32
		{E97221AA-2211-4652-8370-712D04C01569}.Release|Win32.Build.0 = Release|Win32
	EndGlobalSection
	GlobalSection(SolutionProperties) = preSolution
		HideSolutionNode = FALSE
	EndGlobalSection
EndGlobal
